// !$*UTF8*$!
{
	archiveVersion = 1;
	classes = {
	};
	objectVersion = 56;
	objects = {

/* Begin PBXBuildFile section */
		5377F7882A1370510038FB17 /* ReferralHero.docc in Sources */ = {isa = PBXBuildFile; fileRef = 5377F7872A1370510038FB17 /* ReferralHero.docc */; };
		5377F7942A1370520038FB17 /* ReferralHero.h in Headers */ = {isa = PBXBuildFile; fileRef = 5377F7862A1370510038FB17 /* ReferralHero.h */; settings = {ATTRIBUTES = (Public, ); }; };
		5377F79F2A13725B0038FB17 /* APIManager.swift in Sources */ = {isa = PBXBuildFile; fileRef = 5377F79E2A13725B0038FB17 /* APIManager.swift */; };
		5377F8A62A13C1BC0038FB17 /* WebService.swift in Sources */ = {isa = PBXBuildFile; fileRef = 5377F8A52A13C1BC0038FB17 /* WebService.swift */; };
		5377F8B02A149E740038FB17 /* RequestModel.swift in Sources */ = {isa = PBXBuildFile; fileRef = 5377F8AF2A149E740038FB17 /* RequestModel.swift */; };
		5377F8B22A149FF50038FB17 /* SDK Initialisation.swift in Sources */ = {isa = PBXBuildFile; fileRef = 5377F8B12A149FF50038FB17 /* SDK Initialisation.swift */; };
		53FC1B492A163E5000111843 /* RHDelegate.swift in Sources */ = {isa = PBXBuildFile; fileRef = 53FC1B482A163E5000111843 /* RHDelegate.swift */; };
/* End PBXBuildFile section */

/* Begin PBXFileReference section */
		5377F7832A1370510038FB17 /* ReferralHero.framework */ = {isa = PBXFileReference; explicitFileType = wrapper.framework; includeInIndex = 0; path = ReferralHero.framework; sourceTree = BUILT_PRODUCTS_DIR; };
		5377F7862A1370510038FB17 /* ReferralHero.h */ = {isa = PBXFileReference; lastKnownFileType = sourcecode.c.h; path = ReferralHero.h; sourceTree = "<group>"; };
		5377F7872A1370510038FB17 /* ReferralHero.docc */ = {isa = PBXFileReference; lastKnownFileType = folder.documentationcatalog; path = ReferralHero.docc; sourceTree = "<group>"; };
		5377F79E2A13725B0038FB17 /* APIManager.swift */ = {isa = PBXFileReference; lastKnownFileType = sourcecode.swift; path = APIManager.swift; sourceTree = "<group>"; };
		5377F8A52A13C1BC0038FB17 /* WebService.swift */ = {isa = PBXFileReference; lastKnownFileType = sourcecode.swift; path = WebService.swift; sourceTree = "<group>"; };
		5377F8AF2A149E740038FB17 /* RequestModel.swift */ = {isa = PBXFileReference; lastKnownFileType = sourcecode.swift; path = RequestModel.swift; sourceTree = "<group>"; };
		5377F8B12A149FF50038FB17 /* SDK Initialisation.swift */ = {isa = PBXFileReference; lastKnownFileType = sourcecode.swift; path = "SDK Initialisation.swift"; sourceTree = "<group>"; };
		53FC1B482A163E5000111843 /* RHDelegate.swift */ = {isa = PBXFileReference; lastKnownFileType = sourcecode.swift; path = RHDelegate.swift; sourceTree = "<group>"; };
/* End PBXFileReference section */

/* Begin PBXFrameworksBuildPhase section */
		5377F7802A1370510038FB17 /* Frameworks */ = {
			isa = PBXFrameworksBuildPhase;
			buildActionMask = 2147483647;
			files = (
			);
			runOnlyForDeploymentPostprocessing = 0;
		};
/* End PBXFrameworksBuildPhase section */

/* Begin PBXGroup section */
		5377F7792A1370510038FB17 = {
			isa = PBXGroup;
			children = (
				5377F7852A1370510038FB17 /* ReferralHero */,
				5377F7842A1370510038FB17 /* Products */,
			);
			sourceTree = "<group>";
		};
		5377F7842A1370510038FB17 /* Products */ = {
			isa = PBXGroup;
			children = (
				5377F7832A1370510038FB17 /* ReferralHero.framework */,
			);
			name = Products;
			sourceTree = "<group>";
		};
		5377F7852A1370510038FB17 /* ReferralHero */ = {
			isa = PBXGroup;
			children = (
				5377F8B12A149FF50038FB17 /* SDK Initialisation.swift */,
				53FC1B482A163E5000111843 /* RHDelegate.swift */,
				5377F79D2A1372150038FB17 /* APIManager */,
				5377F7862A1370510038FB17 /* ReferralHero.h */,
				5377F7872A1370510038FB17 /* ReferralHero.docc */,
			);
			path = ReferralHero;
			sourceTree = "<group>";
		};
		5377F79D2A1372150038FB17 /* APIManager */ = {
			isa = PBXGroup;
			children = (
				5377F79E2A13725B0038FB17 /* APIManager.swift */,
				5377F8A52A13C1BC0038FB17 /* WebService.swift */,
				5377F8AF2A149E740038FB17 /* RequestModel.swift */,
			);
			path = APIManager;
			sourceTree = "<group>";
		};
/* End PBXGroup section */

/* Begin PBXHeadersBuildPhase section */
		5377F77E2A1370510038FB17 /* Headers */ = {
			isa = PBXHeadersBuildPhase;
			buildActionMask = 2147483647;
			files = (
				5377F7942A1370520038FB17 /* ReferralHero.h in Headers */,
			);
			runOnlyForDeploymentPostprocessing = 0;
		};
/* End PBXHeadersBuildPhase section */

/* Begin PBXNativeTarget section */
		5377F7822A1370510038FB17 /* ReferralHero */ = {
			isa = PBXNativeTarget;
			buildConfigurationList = 5377F7972A1370520038FB17 /* Build configuration list for PBXNativeTarget "ReferralHero" */;
			buildPhases = (
				5377F77E2A1370510038FB17 /* Headers */,
				5377F77F2A1370510038FB17 /* Sources */,
				5377F7802A1370510038FB17 /* Frameworks */,
				5377F7812A1370510038FB17 /* Resources */,
			);
			buildRules = (
			);
			dependencies = (
			);
			name = ReferralHero;
			productName = ReferralHero;
			productReference = 5377F7832A1370510038FB17 /* ReferralHero.framework */;
			productType = "com.apple.product-type.framework";
		};
/* End PBXNativeTarget section */

/* Begin PBXProject section */
		5377F77A2A1370510038FB17 /* Project object */ = {
			isa = PBXProject;
			attributes = {
				BuildIndependentTargetsInParallel = 1;
				LastSwiftUpdateCheck = 1430;
				LastUpgradeCheck = 1430;
				TargetAttributes = {
					5377F7822A1370510038FB17 = {
						CreatedOnToolsVersion = 14.3;
					};
				};
			};
			buildConfigurationList = 5377F77D2A1370510038FB17 /* Build configuration list for PBXProject "ReferralHero" */;
			compatibilityVersion = "Xcode 14.0";
			developmentRegion = en;
			hasScannedForEncodings = 0;
			knownRegions = (
				en,
				Base,
			);
			mainGroup = 5377F7792A1370510038FB17;
			productRefGroup = 5377F7842A1370510038FB17 /* Products */;
			projectDirPath = "";
			projectRoot = "";
			targets = (
				5377F7822A1370510038FB17 /* ReferralHero */,
			);
		};
/* End PBXProject section */

/* Begin PBXResourcesBuildPhase section */
		5377F7812A1370510038FB17 /* Resources */ = {
			isa = PBXResourcesBuildPhase;
			buildActionMask = 2147483647;
			files = (
			);
			runOnlyForDeploymentPostprocessing = 0;
		};
/* End PBXResourcesBuildPhase section */

/* Begin PBXSourcesBuildPhase section */
		5377F77F2A1370510038FB17 /* Sources */ = {
			isa = PBXSourcesBuildPhase;
			buildActionMask = 2147483647;
			files = (
				5377F8B22A149FF50038FB17 /* SDK Initialisation.swift in Sources */,
				5377F8A62A13C1BC0038FB17 /* WebService.swift in Sources */,
				53FC1B492A163E5000111843 /* RHDelegate.swift in Sources */,
				5377F8B02A149E740038FB17 /* RequestModel.swift in Sources */,
				5377F79F2A13725B0038FB17 /* APIManager.swift in Sources */,
				5377F7882A1370510038FB17 /* ReferralHero.docc in Sources */,
			);
			runOnlyForDeploymentPostprocessing = 0;
		};
/* End PBXSourcesBuildPhase section */

/* Begin XCBuildConfiguration section */
		5377F7952A1370520038FB17 /* Debug */ = {
			isa = XCBuildConfiguration;
			buildSettings = {
				ALWAYS_SEARCH_USER_PATHS = NO;
				ARCHS = (
					x86_64,
					arm64,
				);
				CLANG_ANALYZER_NONNULL = YES;
				CLANG_ANALYZER_NUMBER_OBJECT_CONVERSION = YES_AGGRESSIVE;
				CLANG_CXX_LANGUAGE_STANDARD = "gnu++20";
				CLANG_ENABLE_MODULES = YES;
				CLANG_ENABLE_OBJC_ARC = YES;
				CLANG_ENABLE_OBJC_WEAK = YES;
				CLANG_WARN_BLOCK_CAPTURE_AUTORELEASING = YES;
				CLANG_WARN_BOOL_CONVERSION = YES;
				CLANG_WARN_COMMA = YES;
				CLANG_WARN_CONSTANT_CONVERSION = YES;
				CLANG_WARN_DEPRECATED_OBJC_IMPLEMENTATIONS = YES;
				CLANG_WARN_DIRECT_OBJC_ISA_USAGE = YES_ERROR;
				CLANG_WARN_DOCUMENTATION_COMMENTS = YES;
				CLANG_WARN_EMPTY_BODY = YES;
				CLANG_WARN_ENUM_CONVERSION = YES;
				CLANG_WARN_INFINITE_RECURSION = YES;
				CLANG_WARN_INT_CONVERSION = YES;
				CLANG_WARN_NON_LITERAL_NULL_CONVERSION = YES;
				CLANG_WARN_OBJC_IMPLICIT_RETAIN_SELF = YES;
				CLANG_WARN_OBJC_LITERAL_CONVERSION = YES;
				CLANG_WARN_OBJC_ROOT_CLASS = YES_ERROR;
				CLANG_WARN_QUOTED_INCLUDE_IN_FRAMEWORK_HEADER = YES;
				CLANG_WARN_RANGE_LOOP_ANALYSIS = YES;
				CLANG_WARN_STRICT_PROTOTYPES = YES;
				CLANG_WARN_SUSPICIOUS_MOVE = YES;
				CLANG_WARN_UNGUARDED_AVAILABILITY = YES_AGGRESSIVE;
				CLANG_WARN_UNREACHABLE_CODE = YES;
				CLANG_WARN__DUPLICATE_METHOD_MATCH = YES;
				COPY_PHASE_STRIP = NO;
				CURRENT_PROJECT_VERSION = 1;
				DEBUG_INFORMATION_FORMAT = dwarf;
				ENABLE_STRICT_OBJC_MSGSEND = YES;
				ENABLE_TESTABILITY = YES;
				GCC_C_LANGUAGE_STANDARD = gnu11;
				GCC_DYNAMIC_NO_PIC = NO;
				GCC_NO_COMMON_BLOCKS = YES;
				GCC_OPTIMIZATION_LEVEL = 0;
				GCC_PREPROCESSOR_DEFINITIONS = (
					"DEBUG=1",
					"$(inherited)",
				);
				GCC_WARN_64_TO_32_BIT_CONVERSION = YES;
				GCC_WARN_ABOUT_RETURN_TYPE = YES_ERROR;
				GCC_WARN_UNDECLARED_SELECTOR = YES;
				GCC_WARN_UNINITIALIZED_AUTOS = YES_AGGRESSIVE;
				GCC_WARN_UNUSED_FUNCTION = YES;
				GCC_WARN_UNUSED_VARIABLE = YES;
				IPHONEOS_DEPLOYMENT_TARGET = 16.4;
				MTL_ENABLE_DEBUG_INFO = INCLUDE_SOURCE;
				MTL_FAST_MATH = YES;
				ONLY_ACTIVE_ARCH = YES;
				SDKROOT = iphoneos;
				SWIFT_ACTIVE_COMPILATION_CONDITIONS = DEBUG;
				SWIFT_OPTIMIZATION_LEVEL = "-Onone";
				VERSIONING_SYSTEM = "apple-generic";
				VERSION_INFO_PREFIX = "";
			};
			name = Debug;
		};
		5377F7962A1370520038FB17 /* Release */ = {
			isa = XCBuildConfiguration;
			buildSettings = {
				ALWAYS_SEARCH_USER_PATHS = NO;
				ARCHS = (
					x86_64,
					arm64,
				);
				CLANG_ANALYZER_NONNULL = YES;
				CLANG_ANALYZER_NUMBER_OBJECT_CONVERSION = YES_AGGRESSIVE;
				CLANG_CXX_LANGUAGE_STANDARD = "gnu++20";
				CLANG_ENABLE_MODULES = YES;
				CLANG_ENABLE_OBJC_ARC = YES;
				CLANG_ENABLE_OBJC_WEAK = YES;
				CLANG_WARN_BLOCK_CAPTURE_AUTORELEASING = YES;
				CLANG_WARN_BOOL_CONVERSION = YES;
				CLANG_WARN_COMMA = YES;
				CLANG_WARN_CONSTANT_CONVERSION = YES;
				CLANG_WARN_DEPRECATED_OBJC_IMPLEMENTATIONS = YES;
				CLANG_WARN_DIRECT_OBJC_ISA_USAGE = YES_ERROR;
				CLANG_WARN_DOCUMENTATION_COMMENTS = YES;
				CLANG_WARN_EMPTY_BODY = YES;
				CLANG_WARN_ENUM_CONVERSION = YES;
				CLANG_WARN_INFINITE_RECURSION = YES;
				CLANG_WARN_INT_CONVERSION = YES;
				CLANG_WARN_NON_LITERAL_NULL_CONVERSION = YES;
				CLANG_WARN_OBJC_IMPLICIT_RETAIN_SELF = YES;
				CLANG_WARN_OBJC_LITERAL_CONVERSION = YES;
				CLANG_WARN_OBJC_ROOT_CLASS = YES_ERROR;
				CLANG_WARN_QUOTED_INCLUDE_IN_FRAMEWORK_HEADER = YES;
				CLANG_WARN_RANGE_LOOP_ANALYSIS = YES;
				CLANG_WARN_STRICT_PROTOTYPES = YES;
				CLANG_WARN_SUSPICIOUS_MOVE = YES;
				CLANG_WARN_UNGUARDED_AVAILABILITY = YES_AGGRESSIVE;
				CLANG_WARN_UNREACHABLE_CODE = YES;
				CLANG_WARN__DUPLICATE_METHOD_MATCH = YES;
				COPY_PHASE_STRIP = NO;
				CURRENT_PROJECT_VERSION = 1;
				DEBUG_INFORMATION_FORMAT = "dwarf-with-dsym";
				ENABLE_NS_ASSERTIONS = NO;
				ENABLE_STRICT_OBJC_MSGSEND = YES;
				GCC_C_LANGUAGE_STANDARD = gnu11;
				GCC_NO_COMMON_BLOCKS = YES;
				GCC_WARN_64_TO_32_BIT_CONVERSION = YES;
				GCC_WARN_ABOUT_RETURN_TYPE = YES_ERROR;
				GCC_WARN_UNDECLARED_SELECTOR = YES;
				GCC_WARN_UNINITIALIZED_AUTOS = YES_AGGRESSIVE;
				GCC_WARN_UNUSED_FUNCTION = YES;
				GCC_WARN_UNUSED_VARIABLE = YES;
				IPHONEOS_DEPLOYMENT_TARGET = 16.4;
				MTL_ENABLE_DEBUG_INFO = NO;
				MTL_FAST_MATH = YES;
				SDKROOT = iphoneos;
				SWIFT_COMPILATION_MODE = wholemodule;
				SWIFT_OPTIMIZATION_LEVEL = "-O";
				VALIDATE_PRODUCT = YES;
				VERSIONING_SYSTEM = "apple-generic";
				VERSION_INFO_PREFIX = "";
			};
			name = Release;
		};
		5377F7982A1370520038FB17 /* Debug */ = {
			isa = XCBuildConfiguration;
			buildSettings = {
				ARCHS = "$(ARCHS_STANDARD)";
				CODE_SIGN_STYLE = Automatic;
				CURRENT_PROJECT_VERSION = 1;
				DEFINES_MODULE = YES;
				DYLIB_COMPATIBILITY_VERSION = 1;
				DYLIB_CURRENT_VERSION = 1;
				DYLIB_INSTALL_NAME_BASE = "@rpath";
				ENABLE_MODULE_VERIFIER = YES;
				GENERATE_INFOPLIST_FILE = YES;
				INFOPLIST_KEY_NSHumanReadableCopyright = "";
				INSTALL_PATH = "$(LOCAL_LIBRARY_DIR)/Frameworks";
				IPHONEOS_DEPLOYMENT_TARGET = 13.0;
				LD_RUNPATH_SEARCH_PATHS = (
					"$(inherited)",
					"@executable_path/Frameworks",
					"@loader_path/Frameworks",
				);
				MACH_O_TYPE = mh_dylib;
				MARKETING_VERSION = 1.0;
				MODULE_VERIFIER_SUPPORTED_LANGUAGES = "objective-c objective-c++";
				MODULE_VERIFIER_SUPPORTED_LANGUAGE_STANDARDS = "gnu11 gnu++20";
				PRODUCT_BUNDLE_IDENTIFIER = Yesha.ReferralHero;
				PRODUCT_NAME = "$(TARGET_NAME:c99extidentifier)";
				SKIP_INSTALL = YES;
				SWIFT_EMIT_LOC_STRINGS = YES;
				SWIFT_VERSION = 5.0;
				TARGETED_DEVICE_FAMILY = "1,2";
			};
			name = Debug;
		};
		5377F7992A1370520038FB17 /* Release */ = {
			isa = XCBuildConfiguration;
			buildSettings = {
				ARCHS = "$(ARCHS_STANDARD)";
				CODE_SIGN_STYLE = Automatic;
				CURRENT_PROJECT_VERSION = 1;
				DEFINES_MODULE = YES;
				DYLIB_COMPATIBILITY_VERSION = 1;
				DYLIB_CURRENT_VERSION = 1;
				DYLIB_INSTALL_NAME_BASE = "@rpath";
				ENABLE_MODULE_VERIFIER = YES;
				GENERATE_INFOPLIST_FILE = YES;
				INFOPLIST_KEY_NSHumanReadableCopyright = "";
				INSTALL_PATH = "$(LOCAL_LIBRARY_DIR)/Frameworks";
				IPHONEOS_DEPLOYMENT_TARGET = 13.0;
				LD_RUNPATH_SEARCH_PATHS = (
					"$(inherited)",
					"@executable_path/Frameworks",
					"@loader_path/Frameworks",
				);
				MACH_O_TYPE = mh_dylib;
				MARKETING_VERSION = 1.0;
				MODULE_VERIFIER_SUPPORTED_LANGUAGES = "objective-c objective-c++";
				MODULE_VERIFIER_SUPPORTED_LANGUAGE_STANDARDS = "gnu11 gnu++20";
				PRODUCT_BUNDLE_IDENTIFIER = Yesha.ReferralHero;
				PRODUCT_NAME = "$(TARGET_NAME:c99extidentifier)";
				SKIP_INSTALL = YES;
				SWIFT_EMIT_LOC_STRINGS = YES;
				SWIFT_VERSION = 5.0;
				TARGETED_DEVICE_FAMILY = "1,2";
			};
			name = Release;
		};
/* End XCBuildConfiguration section */

/* Begin XCConfigurationList section */
		5377F77D2A1370510038FB17 /* Build configuration list for PBXProject "ReferralHero" */ = {
			isa = XCConfigurationList;
			buildConfigurations = (
				5377F7952A1370520038FB17 /* Debug */,
				5377F7962A1370520038FB17 /* Release */,
			);
			defaultConfigurationIsVisible = 0;
			defaultConfigurationName = Release;
		};
		5377F7972A1370520038FB17 /* Build configuration list for PBXNativeTarget "ReferralHero" */ = {
			isa = XCConfigurationList;
			buildConfigurations = (
				5377F7982A1370520038FB17 /* Debug */,
				5377F7992A1370520038FB17 /* Release */,
			);
			defaultConfigurationIsVisible = 0;
			defaultConfigurationName = Release;
		};
/* End XCConfigurationList section */
	};
	rootObject = 5377F77A2A1370510038FB17 /* Project object */;
}
